{
  "version": 4,
  "terraform_version": "1.0.1",
  "serial": 3,
  "lineage": "3f153174-7a63-76f8-9fa3-dcd75ca62ff8",
  "outputs": {},
  "resources": [
    {
      "mode": "managed",
      "type": "aws_vpc",
      "name": "myvpc",
      "provider": "provider[\"registry.terraform.io/hashicorp/aws\"]",
      "instances": [
        {
          "schema_version": 1,
          "attributes": {
            "arn": "arn:aws:ec2:us-east-1:275140871044:vpc/vpc-03c1049ff384388a2",
            "assign_generated_ipv6_cidr_block": false,
            "cidr_block": "10.0.0.0/16",
            "default_network_acl_id": "acl-0ab7eb1fb35107616",
            "default_route_table_id": "rtb-02e8b27f51ac093c6",
            "default_security_group_id": "sg-0ff5ad7bb25e8634e",
            "dhcp_options_id": "dopt-5f8d8c25",
            "enable_classiclink": false,
            "enable_classiclink_dns_support": false,
            "enable_dns_hostnames": false,
            "enable_dns_support": true,
            "id": "vpc-03c1049ff384388a2",
            "instance_tenancy": "default",
            "ipv6_association_id": "",
            "ipv6_cidr_block": "",
            "main_route_table_id": "rtb-02e8b27f51ac093c6",
            "owner_id": "275140871044",
            "tags": {
              "name": "my-vpc"
            },
            "tags_all": {
              "name": "my-vpc"
            }
          },
          "sensitive_attributes": [],
          "private": "eyJzY2hlbWFfdmVyc2lvbiI6IjEifQ=="
        }
      ]
    }
  ]
}
